
Microsoft Visual Studio Solution File, Format Version 12.00
# Visual Studio 15
VisualStudioVersion = 15.0.27703.1
MinimumVisualStudioVersion = 10.0.40219.1
Project("{FAE04EC0-301F-11D3-BF4B-00C04F79EFBC}") = "Murano.TestApp.Web.Api", "Murano.TestApp.Web.Api\Murano.TestApp.Web.Api.csproj", "{B068B50E-6C4A-4F39-9C77-F9164CD0AE98}"
EndProject
Project("{FAE04EC0-301F-11D3-BF4B-00C04F79EFBC}") = "Murano.TestApp.Common", "Murano.TestApp.Common\Murano.TestApp.Common.csproj", "{66905BFF-072A-4FDF-BF77-946855C526D5}"
EndProject
Project("{FAE04EC0-301F-11D3-BF4B-00C04F79EFBC}") = "Murano.TestApp.Data.Entities", "Murano.TestApp.Data.Entities\Murano.TestApp.Data.Entities.csproj", "{8E83A200-91ED-4D18-A19F-84EAC211DC8C}"
EndProject
Project("{FAE04EC0-301F-11D3-BF4B-00C04F79EFBC}") = "Murano.TestApp.Data.Repositories", "Murano.TestApp.Data.Repositories\Murano.TestApp.Data.Repositories.csproj", "{ECE5A294-0016-44B4-8B1A-0C3B55B5721F}"
EndProject
Project("{FAE04EC0-301F-11D3-BF4B-00C04F79EFBC}") = "Murano.TestApp.Domain.Services", "Murano.TestApp.Domain.Services\Murano.TestApp.Domain.Services.csproj", "{9D59049D-EDA6-479F-8506-5FB50CE258C3}"
EndProject
Project("{FAE04EC0-301F-11D3-BF4B-00C04F79EFBC}") = "Murano.TestApp.Infrastructure", "Murano.TestApp.Infrastructure\Murano.TestApp.Infrastructure.csproj", "{E1F4B050-530A-469F-950C-D96E20F1363C}"
EndProject
Project("{FAE04EC0-301F-11D3-BF4B-00C04F79EFBC}") = "Murano.TestApp.Domain.Services.External", "Murano.TestApp.Domain.Services.External\Murano.TestApp.Domain.Services.External.csproj", "{48F082B7-EDA8-4376-AFAA-CDDB8E6B7712}"
EndProject
Project("{FAE04EC0-301F-11D3-BF4B-00C04F79EFBC}") = "Murano.TestApp.Services.UnitTests", "Murano.TestApp.Services.UnitTests\Murano.TestApp.Services.UnitTests.csproj", "{C373F76A-5581-4F32-97CD-E7EB9EF22C04}"
EndProject
Global
	GlobalSection(SolutionConfigurationPlatforms) = preSolution
		Debug|Any CPU = Debug|Any CPU
		Release|Any CPU = Release|Any CPU
	EndGlobalSection
	GlobalSection(ProjectConfigurationPlatforms) = postSolution
		{B068B50E-6C4A-4F39-9C77-F9164CD0AE98}.Debug|Any CPU.ActiveCfg = Debug|Any CPU
		{B068B50E-6C4A-4F39-9C77-F9164CD0AE98}.Debug|Any CPU.Build.0 = Debug|Any CPU
		{B068B50E-6C4A-4F39-9C77-F9164CD0AE98}.Release|Any CPU.ActiveCfg = Release|Any CPU
		{B068B50E-6C4A-4F39-9C77-F9164CD0AE98}.Release|Any CPU.Build.0 = Release|Any CPU
		{66905BFF-072A-4FDF-BF77-946855C526D5}.Debug|Any CPU.ActiveCfg = Debug|Any CPU
		{66905BFF-072A-4FDF-BF77-946855C526D5}.Debug|Any CPU.Build.0 = Debug|Any CPU
		{66905BFF-072A-4FDF-BF77-946855C526D5}.Release|Any CPU.ActiveCfg = Release|Any CPU
		{66905BFF-072A-4FDF-BF77-946855C526D5}.Release|Any CPU.Build.0 = Release|Any CPU
		{8E83A200-91ED-4D18-A19F-84EAC211DC8C}.Debug|Any CPU.ActiveCfg = Debug|Any CPU
		{8E83A200-91ED-4D18-A19F-84EAC211DC8C}.Debug|Any CPU.Build.0 = Debug|Any CPU
		{8E83A200-91ED-4D18-A19F-84EAC211DC8C}.Release|Any CPU.ActiveCfg = Release|Any CPU
		{8E83A200-91ED-4D18-A19F-84EAC211DC8C}.Release|Any CPU.Build.0 = Release|Any CPU
		{ECE5A294-0016-44B4-8B1A-0C3B55B5721F}.Debug|Any CPU.ActiveCfg = Debug|Any CPU
		{ECE5A294-0016-44B4-8B1A-0C3B55B5721F}.Debug|Any CPU.Build.0 = Debug|Any CPU
		{ECE5A294-0016-44B4-8B1A-0C3B55B5721F}.Release|Any CPU.ActiveCfg = Release|Any CPU
		{ECE5A294-0016-44B4-8B1A-0C3B55B5721F}.Release|Any CPU.Build.0 = Release|Any CPU
		{9D59049D-EDA6-479F-8506-5FB50CE258C3}.Debug|Any CPU.ActiveCfg = Debug|Any CPU
		{9D59049D-EDA6-479F-8506-5FB50CE258C3}.Debug|Any CPU.Build.0 = Debug|Any CPU
		{9D59049D-EDA6-479F-8506-5FB50CE258C3}.Release|Any CPU.ActiveCfg = Release|Any CPU
		{9D59049D-EDA6-479F-8506-5FB50CE258C3}.Release|Any CPU.Build.0 = Release|Any CPU
		{E1F4B050-530A-469F-950C-D96E20F1363C}.Debug|Any CPU.ActiveCfg = Debug|Any CPU
		{E1F4B050-530A-469F-950C-D96E20F1363C}.Debug|Any CPU.Build.0 = Debug|Any CPU
		{E1F4B050-530A-469F-950C-D96E20F1363C}.Release|Any CPU.ActiveCfg = Release|Any CPU
		{E1F4B050-530A-469F-950C-D96E20F1363C}.Release|Any CPU.Build.0 = Release|Any CPU
		{48F082B7-EDA8-4376-AFAA-CDDB8E6B7712}.Debug|Any CPU.ActiveCfg = Debug|Any CPU
		{48F082B7-EDA8-4376-AFAA-CDDB8E6B7712}.Debug|Any CPU.Build.0 = Debug|Any CPU
		{48F082B7-EDA8-4376-AFAA-CDDB8E6B7712}.Release|Any CPU.ActiveCfg = Release|Any CPU
		{48F082B7-EDA8-4376-AFAA-CDDB8E6B7712}.Release|Any CPU.Build.0 = Release|Any CPU
		{C373F76A-5581-4F32-97CD-E7EB9EF22C04}.Debug|Any CPU.ActiveCfg = Debug|Any CPU
		{C373F76A-5581-4F32-97CD-E7EB9EF22C04}.Debug|Any CPU.Build.0 = Debug|Any CPU
		{C373F76A-5581-4F32-97CD-E7EB9EF22C04}.Release|Any CPU.ActiveCfg = Release|Any CPU
		{C373F76A-5581-4F32-97CD-E7EB9EF22C04}.Release|Any CPU.Build.0 = Release|Any CPU
	EndGlobalSection
	GlobalSection(SolutionProperties) = preSolution
		HideSolutionNode = FALSE
	EndGlobalSection
	GlobalSection(ExtensibilityGlobals) = postSolution
		EnterpriseLibraryConfigurationToolBinariesPath = packages\TransientFaultHandling.Core.5.1.1209.1\lib\NET4
		SolutionGuid = {DB477356-2934-4B1E-93A3-7B39D2C81CF0}
	EndGlobalSection
EndGlobal
